
Microsoft Visual Studio Solution File, Format Version 11.00
# Visual C++ Express 2010
Project("{8BC9CEB8-8B4A-11D0-8D11-00A0C91BC942}") = "DMX_Remake", "DMX_Remake.vcxproj", "{A8D1503A-D533-4888-ADAE-1F6F0AC667B6}"
EndProject
Global
	GlobalSection(SolutionConfigurationPlatforms) = preSolution
		Both|Win32 = Both|Win32
		Debug|Win32 = Debug|Win32
		DeployToCab|Win32 = DeployToCab|Win32
		Production|Win32 = Production|Win32
		Release|Win32 = Release|Win32
	EndGlobalSection
	GlobalSection(ProjectConfigurationPlatforms) = postSolution
		{A8D1503A-D533-4888-ADAE-1F6F0AC667B6}.Both|Win32.ActiveCfg = Both|Win32
		{A8D1503A-D533-4888-ADAE-1F6F0AC667B6}.Both|Win32.Build.0 = Both|Win32
		{A8D1503A-D533-4888-ADAE-1F6F0AC667B6}.Debug|Win32.ActiveCfg = Debug|Win32
		{A8D1503A-D533-4888-ADAE-1F6F0AC667B6}.Debug|Win32.Build.0 = Debug|Win32
		{A8D1503A-D533-4888-ADAE-1F6F0AC667B6}.DeployToCab|Win32.ActiveCfg = DeployToCab|Win32
		{A8D1503A-D533-4888-ADAE-1F6F0AC667B6}.DeployToCab|Win32.Build.0 = DeployToCab|Win32
		{A8D1503A-D533-4888-ADAE-1F6F0AC667B6}.Production|Win32.ActiveCfg = Production|Win32
		{A8D1503A-D533-4888-ADAE-1F6F0AC667B6}.Production|Win32.Build.0 = Production|Win32
		{A8D1503A-D533-4888-ADAE-1F6F0AC667B6}.Release|Win32.ActiveCfg = Release|Win32
		{A8D1503A-D533-4888-ADAE-1F6F0AC667B6}.Release|Win32.Build.0 = Release|Win32
	EndGlobalSection
	GlobalSection(SolutionProperties) = preSolution
		HideSolutionNode = FALSE
	EndGlobalSection
EndGlobal
